
Microsoft Visual Studio Solution File, Format Version 12.00
# Visual Studio Version 17
VisualStudioVersion = 17.8.34330.188
MinimumVisualStudioVersion = 10.0.40219.1
Project("{FAE04EC0-301F-11D3-BF4B-00C04F79EFBC}") = "Diplom", "Diplom\Diplom.csproj", "{A9A8F98B-4E9B-4096-85B6-B8091BBF8830}"
EndProject
Global
	GlobalSection(SolutionConfigurationPlatforms) = preSolution
		Debug|Any CPU = Debug|Any CPU
		Release|Any CPU = Release|Any CPU
	EndGlobalSection
	GlobalSection(ProjectConfigurationPlatforms) = postSolution
		{A9A8F98B-4E9B-4096-85B6-B8091BBF8830}.Debug|Any CPU.ActiveCfg = Debug|Any CPU
		{A9A8F98B-4E9B-4096-85B6-B8091BBF8830}.Debug|Any CPU.Build.0 = Debug|Any CPU
		{A9A8F98B-4E9B-4096-85B6-B8091BBF8830}.Release|Any CPU.ActiveCfg = Release|Any CPU
		{A9A8F98B-4E9B-4096-85B6-B8091BBF8830}.Release|Any CPU.Build.0 = Release|Any CPU
	EndGlobalSection
	GlobalSection(SolutionProperties) = preSolution
		HideSolutionNode = FALSE
	EndGlobalSection
	GlobalSection(ExtensibilityGlobals) = postSolution
		SolutionGuid = {22042F08-0DBD-46C9-AAB1-2840668D627F}
	EndGlobalSection
EndGlobal
